# THIS IS AN AUTOGENERATED FILE. DO NOT EDIT THIS FILE DIRECTLY.
# yarn lockfile v1


commander@~2.13.0:
  version "2.13.0"
  resolved "https://registry.npm.taobao.org/commander/download/commander-2.13.0.tgz?cache=0&sync_timestamp=1592632084115&other_urls=https%3A%2F%2Fregistry.npm.taobao.org%2Fcommander%2Fdownload%2Fcommander-2.13.0.tgz#6964bca67685df7c1f1430c584f07d7597885b9c"
  integrity sha1-aWS8pnaF33wfFDDFhPB9dZeIW5w=

dom-walk@^0.1.0:
  version "0.1.2"
  resolved "https://registry.npm.taobao.org/dom-walk/download/dom-walk-0.1.2.tgz#0c548bef048f4d1f2a97249002236060daa3fd84"
  integrity sha1-DFSL7wSPTR8qlySQAiNgYNqj/YQ=

global@^4.4.0:
  version "4.4.0"
  resolved "https://registry.npm.taobao.org/global/download/global-4.4.0.tgz#3e7b105179006a323ed71aafca3e9c57a5cc6406"
  integrity sha1-PnsQUXkAajI+1xqvyj6cV6XMZAY=
  dependencies:
    min-document "^2.19.0"
    process "^0.11.10"

min-document@^2.19.0:
  version "2.19.0"
  resolved "https://registry.npm.taobao.org/min-document/download/min-document-2.19.0.tgz#7bd282e3f5842ed295bb748cdd9f1ffa2c824685"
  integrity sha1-e9KC4/WELtKVu3SM3Z8f+iyCRoU=
  dependencies:
    dom-walk "^0.1.0"

process@^0.11.10:
  version "0.11.10"
  resolved "https://registry.npm.taobao.org/process/download/process-0.11.10.tgz#7332300e840161bda3e69a1d1d91a7d4bc16f182"
  integrity sha1-czIwDoQBYb2j5podHZGn1LwW8YI=

source-map@~0.6.1:
  version "0.6.1"
  resolved "https://registry.npm.taobao.org/source-map/download/source-map-0.6.1.tgz#74722af32e9614e9c287a8d0bbde48b5e2f1a263"
  integrity sha1-dHIq8y6WFOnCh6jQu95IteLxomM=

uglify-es@^3.3.9:
  version "3.3.9"
  resolved "https://registry.npm.taobao.org/uglify-es/download/uglify-es-3.3.9.tgz#0c1c4f0700bed8dbc124cdb304d2592ca203e677"
  integrity sha1-DBxPBwC+2NvBJM2zBNJZLKID5nc=
  dependencies:
    commander "~2.13.0"
    source-map "~0.6.1"

uglify-js@^3.10.0:
  version "3.10.0"
  resolved "https://registry.npm.taobao.org/uglify-js/download/uglify-js-3.10.0.tgz?cache=0&sync_timestamp=1592744803278&other_urls=https%3A%2F%2Fregistry.npm.taobao.org%2Fuglify-js%2Fdownload%2Fuglify-js-3.10.0.tgz#397a7e6e31ce820bfd1cb55b804ee140c587a9e7"
  integrity sha1-OXp+bjHOggv9HLVbgE7hQMWHqec=
